
Microsoft Visual Studio Solution File, Format Version 12.00
# Visual Studio Version 17
VisualStudioVersion = 17.6.33815.320
MinimumVisualStudioVersion = 10.0.40219.1
Project("{FAE04EC0-301F-11D3-BF4B-00C04F79EFBC}") = "HTML Forms", "HTML Forms\HTML Forms.csproj", "{53B8B83F-EC2B-4E33-B1BD-1C17D2302C7D}"
EndProject
Global
	GlobalSection(SolutionConfigurationPlatforms) = preSolution
		Debug|Any CPU = Debug|Any CPU
		Release|Any CPU = Release|Any CPU
	EndGlobalSection
	GlobalSection(ProjectConfigurationPlatforms) = postSolution
		{53B8B83F-EC2B-4E33-B1BD-1C17D2302C7D}.Debug|Any CPU.ActiveCfg = Debug|Any CPU
		{53B8B83F-EC2B-4E33-B1BD-1C17D2302C7D}.Debug|Any CPU.Build.0 = Debug|Any CPU
		{53B8B83F-EC2B-4E33-B1BD-1C17D2302C7D}.Release|Any CPU.ActiveCfg = Release|Any CPU
		{53B8B83F-EC2B-4E33-B1BD-1C17D2302C7D}.Release|Any CPU.Build.0 = Release|Any CPU
	EndGlobalSection
	GlobalSection(SolutionProperties) = preSolution
		HideSolutionNode = FALSE
	EndGlobalSection
	GlobalSection(ExtensibilityGlobals) = postSolution
		SolutionGuid = {A59BBEEB-4EA1-4749-9B50-A53A934E0F3D}
	EndGlobalSection
EndGlobal
